{
  "name": "@fabric-ds/docs-template",
  "version": "1.0.0",
  "lockfileVersion": 2,
  "requires": true,
  "packages": {
    "": {
      "name": "@fabric-ds/docs-template",
      "version": "1.0.0",
      "license": "ISC",
      "dependencies": {
        "@fabric-ds/docs-navigation": "^1.0.0"
      }
    },
    "node_modules/@fabric-ds/docs-navigation": {
      "version": "1.0.0",
      "resolved": "https://registry.npmjs.org/@fabric-ds/docs-navigation/-/docs-navigation-1.0.0.tgz",
      "integrity": "sha512-H1kCgwiVWHnYTBjVhIWugQZLIJws+30BXP8MDQLU+T+2+1fynaHeo0wvMGnSqcIV+d1XvXiza0EYk2CHvixpTg=="
    }
  },
  "dependencies": {
    "@fabric-ds/docs-navigation": {
      "version": "1.0.0",
      "resolved": "https://registry.npmjs.org/@fabric-ds/docs-navigation/-/docs-navigation-1.0.0.tgz",
      "integrity": "sha512-H1kCgwiVWHnYTBjVhIWugQZLIJws+30BXP8MDQLU+T+2+1fynaHeo0wvMGnSqcIV+d1XvXiza0EYk2CHvixpTg=="
    }
  }
}
