{
  "name": "@finn-no/fabric-common",
  "lockfileVersion": 2,
  "requires": true,
  "packages": {
    "": {
      "name": "@finn-no/fabric-common",
      "workspaces": [
        "packages/navigation",
        "packages/sidebar"
      ]
    },
    "node_modules/@finn-no/fabric-docs-navigation": {
      "resolved": "packages/navigation",
      "link": true
    },
    "node_modules/@finn-no/fabric-docs-sidebar": {
      "resolved": "packages/sidebar",
      "link": true
    },
    "packages/navigation": {
      "version": "1.0.0",
      "license": "ISC"
    },
    "packages/sidebar": {
      "version": "1.0.0",
      "license": "ISC",
      "devDependencies": {}
    }
  },
  "dependencies": {
    "@finn-no/fabric-docs-navigation": {
      "version": "file:packages/navigation"
    },
    "@finn-no/fabric-docs-sidebar": {
      "version": "file:packages/sidebar"
    }
  }
}
