{
  "name": "@fabric-ds/fabric-common",
  "lockfileVersion": 2,
  "requires": true,
  "packages": {
    "": {
      "name": "@fabric-ds/fabric-common",
      "workspaces": [
        "./packages/*"
      ]
    },
    "node_modules/@fabric-ds/docs-navigation": {
      "resolved": "packages/navigation",
      "link": true
    },
    "node_modules/@fabric-ds/docs-sidebar": {
      "resolved": "packages/sidebar",
      "link": true
    },
    "node_modules/@fabric-ds/docs-template": {
      "resolved": "packages/template",
      "link": true
    },
    "packages/navigation": {
      "name": "@fabric-ds/docs-navigation",
      "version": "1.0.0",
      "license": "ISC"
    },
    "packages/sidebar": {
      "name": "@fabric-ds/docs-sidebar",
      "version": "1.0.0",
      "license": "ISC",
      "devDependencies": {}
    },
    "packages/template": {
      "version": "1.0.0",
      "license": "ISC"
    }
  },
  "dependencies": {
    "@fabric-ds/docs-navigation": {
      "version": "file:packages/navigation"
    },
    "@fabric-ds/docs-sidebar": {
      "version": "file:packages/sidebar"
    },
    "@fabric-ds/docs-template": {
      "version": "file:packages/template"
    }
  }
}
